
Microsoft Visual Studio Solution File, Format Version 12.00
# Visual Studio 2012
Project("{D954291E-2A0B-460D-934E-DC6B0785DB48}") = "LoginForm", "LoginForm\LoginForm.shproj", "{C3D18EA3-5092-4A8F-93CB-7030FA454EF3}"
EndProject
Project("{FAE04EC0-301F-11D3-BF4B-00C04F79EFBC}") = "LoginForm.iOS", "iOS\LoginForm.iOS.csproj", "{0B466B3D-638C-4828-A5D2-B5FC5DDB325F}"
EndProject
Project("{FAE04EC0-301F-11D3-BF4B-00C04F79EFBC}") = "LoginForm.Droid", "Droid\LoginForm.Droid.csproj", "{2875AA55-1CDB-43DD-85DD-FC6CE5DD2ED3}"
EndProject
Global
	GlobalSection(SolutionConfigurationPlatforms) = preSolution
		Debug|iPhoneSimulator = Debug|iPhoneSimulator
		Release|iPhone = Release|iPhone
		Release|iPhoneSimulator = Release|iPhoneSimulator
		Debug|iPhone = Debug|iPhone
		Debug|Any CPU = Debug|Any CPU
		Release|Any CPU = Release|Any CPU
	EndGlobalSection
	GlobalSection(ProjectConfigurationPlatforms) = postSolution
		{0B466B3D-638C-4828-A5D2-B5FC5DDB325F}.Debug|iPhoneSimulator.ActiveCfg = Debug|iPhoneSimulator
		{0B466B3D-638C-4828-A5D2-B5FC5DDB325F}.Debug|iPhoneSimulator.Build.0 = Debug|iPhoneSimulator
		{0B466B3D-638C-4828-A5D2-B5FC5DDB325F}.Release|iPhone.ActiveCfg = Release|iPhone
		{0B466B3D-638C-4828-A5D2-B5FC5DDB325F}.Release|iPhone.Build.0 = Release|iPhone
		{0B466B3D-638C-4828-A5D2-B5FC5DDB325F}.Release|iPhoneSimulator.ActiveCfg = Release|iPhoneSimulator
		{0B466B3D-638C-4828-A5D2-B5FC5DDB325F}.Release|iPhoneSimulator.Build.0 = Release|iPhoneSimulator
		{0B466B3D-638C-4828-A5D2-B5FC5DDB325F}.Debug|iPhone.ActiveCfg = Debug|iPhone
		{0B466B3D-638C-4828-A5D2-B5FC5DDB325F}.Debug|iPhone.Build.0 = Debug|iPhone
		{0B466B3D-638C-4828-A5D2-B5FC5DDB325F}.Debug|Any CPU.ActiveCfg = Debug|iPhoneSimulator
		{0B466B3D-638C-4828-A5D2-B5FC5DDB325F}.Debug|Any CPU.Build.0 = Debug|iPhoneSimulator
		{0B466B3D-638C-4828-A5D2-B5FC5DDB325F}.Release|Any CPU.ActiveCfg = Release|iPhone
		{0B466B3D-638C-4828-A5D2-B5FC5DDB325F}.Release|Any CPU.Build.0 = Release|iPhone
		{2875AA55-1CDB-43DD-85DD-FC6CE5DD2ED3}.Debug|iPhoneSimulator.ActiveCfg = Debug|Any CPU
		{2875AA55-1CDB-43DD-85DD-FC6CE5DD2ED3}.Debug|iPhoneSimulator.Build.0 = Debug|Any CPU
		{2875AA55-1CDB-43DD-85DD-FC6CE5DD2ED3}.Release|iPhone.ActiveCfg = Release|Any CPU
		{2875AA55-1CDB-43DD-85DD-FC6CE5DD2ED3}.Release|iPhone.Build.0 = Release|Any CPU
		{2875AA55-1CDB-43DD-85DD-FC6CE5DD2ED3}.Release|iPhoneSimulator.ActiveCfg = Release|Any CPU
		{2875AA55-1CDB-43DD-85DD-FC6CE5DD2ED3}.Release|iPhoneSimulator.Build.0 = Release|Any CPU
		{2875AA55-1CDB-43DD-85DD-FC6CE5DD2ED3}.Debug|iPhone.ActiveCfg = Debug|Any CPU
		{2875AA55-1CDB-43DD-85DD-FC6CE5DD2ED3}.Debug|iPhone.Build.0 = Debug|Any CPU
		{2875AA55-1CDB-43DD-85DD-FC6CE5DD2ED3}.Debug|Any CPU.ActiveCfg = Debug|Any CPU
		{2875AA55-1CDB-43DD-85DD-FC6CE5DD2ED3}.Debug|Any CPU.Build.0 = Debug|Any CPU
		{2875AA55-1CDB-43DD-85DD-FC6CE5DD2ED3}.Release|Any CPU.ActiveCfg = Release|Any CPU
		{2875AA55-1CDB-43DD-85DD-FC6CE5DD2ED3}.Release|Any CPU.Build.0 = Release|Any CPU
	EndGlobalSection
EndGlobal
